
Microsoft Visual Studio Solution File, Format Version 12.00
# Visual Studio Version 17
VisualStudioVersion = 17.9.34902.65
MinimumVisualStudioVersion = 10.0.40219.1
Project("{FAE04EC0-301F-11D3-BF4B-00C04F79EFBC}") = "CarInfoMang", "CarInfoMang\CarInfoMang.csproj", "{A677CDC0-099D-43E1-AF6B-A1D9FEDFF66B}"
EndProject
Global
	GlobalSection(SolutionConfigurationPlatforms) = preSolution
		Debug|Any CPU = Debug|Any CPU
		Release|Any CPU = Release|Any CPU
	EndGlobalSection
	GlobalSection(ProjectConfigurationPlatforms) = postSolution
		{A677CDC0-099D-43E1-AF6B-A1D9FEDFF66B}.Debug|Any CPU.ActiveCfg = Debug|Any CPU
		{A677CDC0-099D-43E1-AF6B-A1D9FEDFF66B}.Debug|Any CPU.Build.0 = Debug|Any CPU
		{A677CDC0-099D-43E1-AF6B-A1D9FEDFF66B}.Release|Any CPU.ActiveCfg = Release|Any CPU
		{A677CDC0-099D-43E1-AF6B-A1D9FEDFF66B}.Release|Any CPU.Build.0 = Release|Any CPU
	EndGlobalSection
	GlobalSection(SolutionProperties) = preSolution
		HideSolutionNode = FALSE
	EndGlobalSection
	GlobalSection(ExtensibilityGlobals) = postSolution
		SolutionGuid = {5CA7A437-3B43-4476-97A2-86D47FC750D6}
	EndGlobalSection
EndGlobal
